// !$*UTF8*$!
{
	archiveVersion = 1;
	classes = {
	};
	objectVersion = 46;
	objects = {

/* Begin PBXBuildFile section */
		0075ABF6DC43ECC17F64B97B /* libPods-ownyourdata.a in Frameworks */ = {isa = PBXBuildFile; fileRef = 31516AC661378CBA1105F0AE /* libPods-ownyourdata.a */; };
		13B07FBC1A68108700A75B9A /* AppDelegate.m in Sources */ = {isa = PBXBuildFile; fileRef = 13B07FB01A68108700A75B9A /* AppDelegate.m */; };
		13B07FBF1A68108700A75B9A /* Images.xcassets in Resources */ = {isa = PBXBuildFile; fileRef = 13B07FB51A68108700A75B9A /* Images.xcassets */; };
		13B07FC11A68108700A75B9A /* main.m in Sources */ = {isa = PBXBuildFile; fileRef = 13B07FB71A68108700A75B9A /* main.m */; };
		4674ACDA201EB9FC0050A158 /* Fabric.framework in Frameworks */ = {isa = PBXBuildFile; fileRef = 4674ACD8201EB9FB0050A158 /* Fabric.framework */; };
		4674ACDB201EB9FC0050A158 /* Crashlytics.framework in Frameworks */ = {isa = PBXBuildFile; fileRef = 4674ACD9201EB9FC0050A158 /* Crashlytics.framework */; };
		468CA4F220A59654005125AF /* WifiCheck.m in Sources */ = {isa = PBXBuildFile; fileRef = 468CA4F120A59654005125AF /* WifiCheck.m */; };
		468CA4F420A59766005125AF /* Reachability.m in Sources */ = {isa = PBXBuildFile; fileRef = 468CA4F320A59766005125AF /* Reachability.m */; };
		468D657020505C4200294EC0 /* TSBackgroundFetch.framework in Frameworks */ = {isa = PBXBuildFile; fileRef = 468D656F20505C4200294EC0 /* TSBackgroundFetch.framework */; };
		477769F89459498EB5B712B7 /* Calibri.ttf in Resources */ = {isa = PBXBuildFile; fileRef = 5FCAEEE268924556B0C1903D /* Calibri.ttf */; };
		5E552CEC9E934A13B19BB9CC /* libCocoaLumberjack.a in Frameworks */ = {isa = PBXBuildFile; fileRef = 23B1887BA05F4BDE88333D5F /* libCocoaLumberjack.a */; };
		624F9A39D1DB4231900C8E4C /* Calibri Bold Italic.ttf in Resources */ = {isa = PBXBuildFile; fileRef = C6D01171DF204725B2287705 /* Calibri Bold Italic.ttf */; };
		65D2AEDF14BA47FFB3B315A8 /* Calibri Bold.ttf in Resources */ = {isa = PBXBuildFile; fileRef = 10F734486758442CADD0D780 /* Calibri Bold.ttf */; };
		6A1C89FE4E0F4C97949CCE31 /* Arial Bold Italic.ttf in Resources */ = {isa = PBXBuildFile; fileRef = 76405165D4634C86AAE39A83 /* Arial Bold Italic.ttf */; };
		6A913BAF3EF44D3B842512E6 /* Arial.ttf in Resources */ = {isa = PBXBuildFile; fileRef = 1B3F7BA2C11A46808BEE24FF /* Arial.ttf */; };
		712E1136E775483797BF548E /* Calibri Italic.TTF in Resources */ = {isa = PBXBuildFile; fileRef = C6753352722B4D959A5BFB6A /* Calibri Italic.TTF */; };
		8400284D24F7BD5800DBE46E /* LaunchScreen.storyboard in Resources */ = {isa = PBXBuildFile; fileRef = 8400284C24F7BD5800DBE46E /* LaunchScreen.storyboard */; };
		840D952824F65DFB00AA4110 /* libReact-RCTBlob.a in Frameworks */ = {isa = PBXBuildFile; fileRef = 840D952724F65DFB00AA4110 /* libReact-RCTBlob.a */; };
		840D952A24F65E1400AA4110 /* libReact-RCTAnimation.a in Frameworks */ = {isa = PBXBuildFile; fileRef = 840D952924F65E1400AA4110 /* libReact-RCTAnimation.a */; };
		840D952C24F65E4500AA4110 /* libReact-Core.a in Frameworks */ = {isa = PBXBuildFile; fileRef = 840D952B24F65E4500AA4110 /* libReact-Core.a */; };
		840D952E24F65E8400AA4110 /* libReact-RCTImage.a in Frameworks */ = {isa = PBXBuildFile; fileRef = 840D952D24F65E8400AA4110 /* libReact-RCTImage.a */; };
		840D953024F65E8C00AA4110 /* libReact-RCTLinking.a in Frameworks */ = {isa = PBXBuildFile; fileRef = 840D952F24F65E8C00AA4110 /* libReact-RCTLinking.a */; };
		840D953224F65E9300AA4110 /* libReact-RCTNetwork.a in Frameworks */ = {isa = PBXBuildFile; fileRef = 840D953124F65E9300AA4110 /* libReact-RCTNetwork.a */; };
		840D953424F65E9900AA4110 /* libReact-RCTSettings.a in Frameworks */ = {isa = PBXBuildFile; fileRef = 840D953324F65E9900AA4110 /* libReact-RCTSettings.a */; };
		840D953624F65EA000AA4110 /* libReact-RCTText.a in Frameworks */ = {isa = PBXBuildFile; fileRef = 840D953524F65EA000AA4110 /* libReact-RCTText.a */; };
		840D953824F65EA600AA4110 /* libReact-RCTVibration.a in Frameworks */ = {isa = PBXBuildFile; fileRef = 840D953724F65EA600AA4110 /* libReact-RCTVibration.a */; };
		840D953B24F65FC900AA4110 /* ownyourdata.swift in Sources */ = {isa = PBXBuildFile; fileRef = 840D953A24F65FC900AA4110 /* ownyourdata.swift */; };
		840FAC36253F268900D1CE06 /* appicon.png in Resources */ = {isa = PBXBuildFile; fileRef = 840FAC35253F268700D1CE06 /* appicon.png */; };
		84A36A042541876000D4FF53 /* RNLibSodium.m in Sources */ = {isa = PBXBuildFile; fileRef = 465980A02049904700E80407 /* RNLibSodium.m */; };
		84A36A072541876C00D4FF53 /* liblibsodium.a in Frameworks */ = {isa = PBXBuildFile; fileRef = 84A36A062541876C00D4FF53 /* liblibsodium.a */; };
		A4226D7B144C46749BF03DFF /* Calibri Italic.ttf in Resources */ = {isa = PBXBuildFile; fileRef = 5C4C8F8D5E2F47D0A652FEBD /* Calibri Italic.ttf */; };
		A4EDC31B3CFB4C77AA90F366 /* RNBackgroundFetch+AppDelegate.m in Sources */ = {isa = PBXBuildFile; fileRef = 522E87BA73F04CC3AC793B23 /* RNBackgroundFetch+AppDelegate.m */; };
		B342F2BF059D49D0953C034E /* Arial Italic.ttf in Resources */ = {isa = PBXBuildFile; fileRef = 39B1C95EA87740E6AF07BDEF /* Arial Italic.ttf */; };
		D8E708E404614394BDB89DCC /* Arial Bold.ttf in Resources */ = {isa = PBXBuildFile; fileRef = 6DA59CD21AFB4A9C967E4531 /* Arial Bold.ttf */; };
		E58E1C6860DE4E5D9183A740 /* Calibri Bold.TTF in Resources */ = {isa = PBXBuildFile; fileRef = 644818A67BC5449CB4FFB48E /* Calibri Bold.TTF */; };
		FA28F51F1E9947B191394DAE /* Calibri Bold Italic.TTF in Resources */ = {isa = PBXBuildFile; fileRef = 7DE9028F650D4900817CA113 /* Calibri Bold Italic.TTF */; };
/* End PBXBuildFile section */

/* Begin PBXContainerItemProxy section */
		00C302AB1ABCB8CE00DB3ED1 /* PBXContainerItemProxy */ = {
			isa = PBXContainerItemProxy;
			containerPortal = 00C302A71ABCB8CE00DB3ED1 /* RCTActionSheet.xcodeproj */;
			proxyType = 2;
			remoteGlobalIDString = 134814201AA4EA6300B7C361;
			remoteInfo = RCTActionSheet;
		};
		00C302B91ABCB90400DB3ED1 /* PBXContainerItemProxy */ = {
			isa = PBXContainerItemProxy;
			containerPortal = 00C302B51ABCB90400DB3ED1 /* RCTGeolocation.xcodeproj */;
			proxyType = 2;
			remoteGlobalIDString = 134814201AA4EA6300B7C361;
			remoteInfo = RCTGeolocation;
		};
		00C302BF1ABCB91800DB3ED1 /* PBXContainerItemProxy */ = {
			isa = PBXContainerItemProxy;
			containerPortal = 00C302BB1ABCB91800DB3ED1 /* RCTImage.xcodeproj */;
			proxyType = 2;
			remoteGlobalIDString = 58B5115D1A9E6B3D00147676;
			remoteInfo = RCTImage;
		};
		00C302DB1ABCB9D200DB3ED1 /* PBXContainerItemProxy */ = {
			isa = PBXContainerItemProxy;
			containerPortal = 00C302D31ABCB9D200DB3ED1 /* RCTNetwork.xcodeproj */;
			proxyType = 2;
			remoteGlobalIDString = 58B511DB1A9E6C8500147676;
			remoteInfo = RCTNetwork;
		};
		00C302E31ABCB9EE00DB3ED1 /* PBXContainerItemProxy */ = {
			isa = PBXContainerItemProxy;
			containerPortal = 00C302DF1ABCB9EE00DB3ED1 /* RCTVibration.xcodeproj */;
			proxyType = 2;
			remoteGlobalIDString = 832C81801AAF6DEF007FA2F7;
			remoteInfo = RCTVibration;
		};
		139105C01AF99BAD00B5F7CC /* PBXContainerItemProxy */ = {
			isa = PBXContainerItemProxy;
			containerPortal = 139105B61AF99BAD00B5F7CC /* RCTSettings.xcodeproj */;
			proxyType = 2;
			remoteGlobalIDString = 134814201AA4EA6300B7C361;
			remoteInfo = RCTSettings;
		};
		139FDEF31B06529B00C62182 /* PBXContainerItemProxy */ = {
			isa = PBXContainerItemProxy;
			containerPortal = 139FDEE61B06529A00C62182 /* RCTWebSocket.xcodeproj */;
			proxyType = 2;
			remoteGlobalIDString = 3C86DF461ADF2C930047B81A;
			remoteInfo = RCTWebSocket;
		};
		146834031AC3E56700842450 /* PBXContainerItemProxy */ = {
			isa = PBXContainerItemProxy;
			containerPortal = 146833FF1AC3E56700842450 /* React.xcodeproj */;
			proxyType = 2;
			remoteGlobalIDString = 83CBBA2E1A601D0E00E9B192;
			remoteInfo = React;
		};
		3DAD3E831DF850E9000B6D8A /* PBXContainerItemProxy */ = {
			isa = PBXContainerItemProxy;
			containerPortal = 00C302BB1ABCB91800DB3ED1 /* RCTImage.xcodeproj */;
			proxyType = 2;
			remoteGlobalIDString = 2D2A283A1D9B042B00D4039D;
			remoteInfo = "RCTImage-tvOS";
		};
		3DAD3E871DF850E9000B6D8A /* PBXContainerItemProxy */ = {
			isa = PBXContainerItemProxy;
			containerPortal = 78C398B01ACF4ADC00677621 /* RCTLinking.xcodeproj */;
			proxyType = 2;
			remoteGlobalIDString = 2D2A28471D9B043800D4039D;
			remoteInfo = "RCTLinking-tvOS";
		};
		3DAD3E8B1DF850E9000B6D8A /* PBXContainerItemProxy */ = {
			isa = PBXContainerItemProxy;
			containerPortal = 00C302D31ABCB9D200DB3ED1 /* RCTNetwork.xcodeproj */;
			proxyType = 2;
			remoteGlobalIDString = 2D2A28541D9B044C00D4039D;
			remoteInfo = "RCTNetwork-tvOS";
		};
		3DAD3E8F1DF850E9000B6D8A /* PBXContainerItemProxy */ = {
			isa = PBXContainerItemProxy;
			containerPortal = 139105B61AF99BAD00B5F7CC /* RCTSettings.xcodeproj */;
			proxyType = 2;
			remoteGlobalIDString = 2D2A28611D9B046600D4039D;
			remoteInfo = "RCTSettings-tvOS";
		};
		3DAD3E931DF850E9000B6D8A /* PBXContainerItemProxy */ = {
			isa = PBXContainerItemProxy;
			containerPortal = 832341B01AAA6A8300B99B32 /* RCTText.xcodeproj */;
			proxyType = 2;
			remoteGlobalIDString = 2D2A287B1D9B048500D4039D;
			remoteInfo = "RCTText-tvOS";
		};
		3DAD3E981DF850E9000B6D8A /* PBXContainerItemProxy */ = {
			isa = PBXContainerItemProxy;
			containerPortal = 139FDEE61B06529A00C62182 /* RCTWebSocket.xcodeproj */;
			proxyType = 2;
			remoteGlobalIDString = 2D2A28881D9B049200D4039D;
			remoteInfo = "RCTWebSocket-tvOS";
		};
		3DAD3EA21DF850E9000B6D8A /* PBXContainerItemProxy */ = {
			isa = PBXContainerItemProxy;
			containerPortal = 146833FF1AC3E56700842450 /* React.xcodeproj */;
			proxyType = 2;
			remoteGlobalIDString = 2D2A28131D9B038B00D4039D;
			remoteInfo = "React-tvOS";
		};
		3DAD3EA41DF850E9000B6D8A /* PBXContainerItemProxy */ = {
			isa = PBXContainerItemProxy;
			containerPortal = 146833FF1AC3E56700842450 /* React.xcodeproj */;
			proxyType = 2;
			remoteGlobalIDString = 3D3C059A1DE3340900C268FA;
			remoteInfo = yoga;
		};
		3DAD3EA61DF850E9000B6D8A /* PBXContainerItemProxy */ = {
			isa = PBXContainerItemProxy;
			containerPortal = 146833FF1AC3E56700842450 /* React.xcodeproj */;
			proxyType = 2;
			remoteGlobalIDString = 3D3C06751DE3340C00C268FA;
			remoteInfo = "yoga-tvOS";
		};
		3DAD3EA81DF850E9000B6D8A /* PBXContainerItemProxy */ = {
			isa = PBXContainerItemProxy;
			containerPortal = 146833FF1AC3E56700842450 /* React.xcodeproj */;
			proxyType = 2;
			remoteGlobalIDString = 3D3CD9251DE5FBEC00167DC4;
			remoteInfo = cxxreact;
		};
		3DAD3EAA1DF850E9000B6D8A /* PBXContainerItemProxy */ = {
			isa = PBXContainerItemProxy;
			containerPortal = 146833FF1AC3E56700842450 /* React.xcodeproj */;
			proxyType = 2;
			remoteGlobalIDString = 3D3CD9321DE5FBEE00167DC4;
			remoteInfo = "cxxreact-tvOS";
		};
		3DAD3EAC1DF850E9000B6D8A /* PBXContainerItemProxy */ = {
			isa = PBXContainerItemProxy;
			containerPortal = 146833FF1AC3E56700842450 /* React.xcodeproj */;
			proxyType = 2;
			remoteGlobalIDString = 3D3CD90B1DE5FBD600167DC4;
			remoteInfo = jschelpers;
		};
		3DAD3EAE1DF850E9000B6D8A /* PBXContainerItemProxy */ = {
			isa = PBXContainerItemProxy;
			containerPortal = 146833FF1AC3E56700842450 /* React.xcodeproj */;
			proxyType = 2;
			remoteGlobalIDString = 3D3CD9181DE5FBD800167DC4;
			remoteInfo = "jschelpers-tvOS";
		};
		4642FD5F1FF461EE0067F700 /* PBXContainerItemProxy */ = {
			isa = PBXContainerItemProxy;
			containerPortal = ADBDB91F1DFEBF0600ED6528 /* RCTBlob.xcodeproj */;
			proxyType = 2;
			remoteGlobalIDString = ADD01A681E09402E00F6D226;
			remoteInfo = "RCTBlob-tvOS";
		};
		4642FD711FF461EE0067F700 /* PBXContainerItemProxy */ = {
			isa = PBXContainerItemProxy;
			containerPortal = 139FDEE61B06529A00C62182 /* RCTWebSocket.xcodeproj */;
			proxyType = 2;
			remoteGlobalIDString = 3DBE0D001F3B181A0099AA32;
			remoteInfo = fishhook;
		};
		4642FD731FF461EE0067F700 /* PBXContainerItemProxy */ = {
			isa = PBXContainerItemProxy;
			containerPortal = 139FDEE61B06529A00C62182 /* RCTWebSocket.xcodeproj */;
			proxyType = 2;
			remoteGlobalIDString = 3DBE0D0D1F3B181C0099AA32;
			remoteInfo = "fishhook-tvOS";
		};
		464E6A0E20A32FD6004521E3 /* PBXContainerItemProxy */ = {
			isa = PBXContainerItemProxy;
			containerPortal = E60E81A818494DDC88AF77CB /* Lumberjack.xcodeproj */;
			proxyType = 2;
			remoteGlobalIDString = 18F3BFD71A81E06E00692297;
			remoteInfo = "CocoaLumberjack-iOS-Static";
		};
		46978CE82004B102007BAF3B /* PBXContainerItemProxy */ = {
			isa = PBXContainerItemProxy;
			containerPortal = 146833FF1AC3E56700842450 /* React.xcodeproj */;
			proxyType = 2;
			remoteGlobalIDString = 139D7ECE1E25DB7D00323FB7;
			remoteInfo = "third-party";
		};
		46978CEA2004B102007BAF3B /* PBXContainerItemProxy */ = {
			isa = PBXContainerItemProxy;
			containerPortal = 146833FF1AC3E56700842450 /* React.xcodeproj */;
			proxyType = 2;
			remoteGlobalIDString = 3D383D3C1EBD27B6005632C8;
			remoteInfo = "third-party-tvOS";
		};
		46978CEC2004B102007BAF3B /* PBXContainerItemProxy */ = {
			isa = PBXContainerItemProxy;
			containerPortal = 146833FF1AC3E56700842450 /* React.xcodeproj */;
			proxyType = 2;
			remoteGlobalIDString = 139D7E881E25C6D100323FB7;
			remoteInfo = "double-conversion";
		};
		46978CEE2004B102007BAF3B /* PBXContainerItemProxy */ = {
			isa = PBXContainerItemProxy;
			containerPortal = 146833FF1AC3E56700842450 /* React.xcodeproj */;
			proxyType = 2;
			remoteGlobalIDString = 3D383D621EBD27B9005632C8;
			remoteInfo = "double-conversion-tvOS";
		};
		46978CF02004B102007BAF3B /* PBXContainerItemProxy */ = {
			isa = PBXContainerItemProxy;
			containerPortal = 146833FF1AC3E56700842450 /* React.xcodeproj */;
			proxyType = 2;
			remoteGlobalIDString = 9936F3131F5F2E4B0010BF04;
			remoteInfo = privatedata;
		};
		46978CF22004B102007BAF3B /* PBXContainerItemProxy */ = {
			isa = PBXContainerItemProxy;
			containerPortal = 146833FF1AC3E56700842450 /* React.xcodeproj */;
			proxyType = 2;
			remoteGlobalIDString = 9936F32F1F5F2E5B0010BF04;
			remoteInfo = "privatedata-tvOS";
		};
		5E9157321DD0AC6500FF2AA8 /* PBXContainerItemProxy */ = {
			isa = PBXContainerItemProxy;
			containerPortal = 5E91572D1DD0AC6500FF2AA8 /* RCTAnimation.xcodeproj */;
			proxyType = 2;
			remoteGlobalIDString = 134814201AA4EA6300B7C361;
			remoteInfo = RCTAnimation;
		};
		5E9157341DD0AC6500FF2AA8 /* PBXContainerItemProxy */ = {
			isa = PBXContainerItemProxy;
			containerPortal = 5E91572D1DD0AC6500FF2AA8 /* RCTAnimation.xcodeproj */;
			proxyType = 2;
			remoteGlobalIDString = 2D2A28201D9B03D100D4039D;
			remoteInfo = "RCTAnimation-tvOS";
		};
		78C398B81ACF4ADC00677621 /* PBXContainerItemProxy */ = {
			isa = PBXContainerItemProxy;
			containerPortal = 78C398B01ACF4ADC00677621 /* RCTLinking.xcodeproj */;
			proxyType = 2;
			remoteGlobalIDString = 134814201AA4EA6300B7C361;
			remoteInfo = RCTLinking;
		};
		832341B41AAA6A8300B99B32 /* PBXContainerItemProxy */ = {
			isa = PBXContainerItemProxy;
			containerPortal = 832341B01AAA6A8300B99B32 /* RCTText.xcodeproj */;
			proxyType = 2;
			remoteGlobalIDString = 58B5119B1A9E6C1200147676;
			remoteInfo = RCTText;
		};
		ADBDB9261DFEBF0700ED6528 /* PBXContainerItemProxy */ = {
			isa = PBXContainerItemProxy;
			containerPortal = ADBDB91F1DFEBF0600ED6528 /* RCTBlob.xcodeproj */;
			proxyType = 2;
			remoteGlobalIDString = 358F4ED71D1E81A9004DF814;
			remoteInfo = RCTBlob;
		};
/* End PBXContainerItemProxy section */

/* Begin PBXFileReference section */
		008F07F21AC5B25A0029DE68 /* main.jsbundle */ = {isa = PBXFileReference; fileEncoding = 4; lastKnownFileType = text; path = main.jsbundle; sourceTree = "<group>"; };
		00C302A71ABCB8CE00DB3ED1 /* RCTActionSheet.xcodeproj */ = {isa = PBXFileReference; lastKnownFileType = "wrapper.pb-project"; name = RCTActionSheet.xcodeproj; path = "../node_modules/react-native/Libraries/ActionSheetIOS/RCTActionSheet.xcodeproj"; sourceTree = "<group>"; };
		00C302B51ABCB90400DB3ED1 /* RCTGeolocation.xcodeproj */ = {isa = PBXFileReference; lastKnownFileType = "wrapper.pb-project"; name = RCTGeolocation.xcodeproj; path = "../node_modules/react-native/Libraries/Geolocation/RCTGeolocation.xcodeproj"; sourceTree = "<group>"; };
		00C302BB1ABCB91800DB3ED1 /* RCTImage.xcodeproj */ = {isa = PBXFileReference; lastKnownFileType = "wrapper.pb-project"; name = RCTImage.xcodeproj; path = "../node_modules/react-native/Libraries/Image/RCTImage.xcodeproj"; sourceTree = "<group>"; };
		00C302D31ABCB9D200DB3ED1 /* RCTNetwork.xcodeproj */ = {isa = PBXFileReference; lastKnownFileType = "wrapper.pb-project"; name = RCTNetwork.xcodeproj; path = "../node_modules/react-native/Libraries/Network/RCTNetwork.xcodeproj"; sourceTree = "<group>"; };
		00C302DF1ABCB9EE00DB3ED1 /* RCTVibration.xcodeproj */ = {isa = PBXFileReference; lastKnownFileType = "wrapper.pb-project"; name = RCTVibration.xcodeproj; path = "../node_modules/react-native/Libraries/Vibration/RCTVibration.xcodeproj"; sourceTree = "<group>"; };
		00E356F11AD99517003FC87E /* Info.plist */ = {isa = PBXFileReference; lastKnownFileType = text.plist.xml; path = Info.plist; sourceTree = "<group>"; };
		00E356F21AD99517003FC87E /* ownyourdataTests.m */ = {isa = PBXFileReference; lastKnownFileType = sourcecode.c.objc; path = ownyourdataTests.m; sourceTree = "<group>"; };
		07DB2E9E8E6048C5A3AC1ADD /* Ionicons.ttf */ = {isa = PBXFileReference; explicitFileType = undefined; fileEncoding = 9; includeInIndex = 0; lastKnownFileType = unknown; name = Ionicons.ttf; path = "../node_modules/react-native-vector-icons/Fonts/Ionicons.ttf"; sourceTree = "<group>"; };
		108067A37219468FBEB47400 /* Zocial.ttf */ = {isa = PBXFileReference; explicitFileType = undefined; fileEncoding = 9; includeInIndex = 0; lastKnownFileType = unknown; name = Zocial.ttf; path = "../node_modules/react-native-vector-icons/Fonts/Zocial.ttf"; sourceTree = "<group>"; };
		10F734486758442CADD0D780 /* Calibri Bold.ttf */ = {isa = PBXFileReference; explicitFileType = undefined; fileEncoding = 9; includeInIndex = 0; lastKnownFileType = unknown; name = "Calibri Bold.ttf"; path = "../fonts/Calibri Bold.ttf"; sourceTree = "<group>"; };
		1228F365A7E945539EB63A61 /* Entypo.ttf */ = {isa = PBXFileReference; explicitFileType = undefined; fileEncoding = 9; includeInIndex = 0; lastKnownFileType = unknown; name = Entypo.ttf; path = "../node_modules/react-native-vector-icons/Fonts/Entypo.ttf"; sourceTree = "<group>"; };
		139105B61AF99BAD00B5F7CC /* RCTSettings.xcodeproj */ = {isa = PBXFileReference; lastKnownFileType = "wrapper.pb-project"; name = RCTSettings.xcodeproj; path = "../node_modules/react-native/Libraries/Settings/RCTSettings.xcodeproj"; sourceTree = "<group>"; };
		139FDEE61B06529A00C62182 /* RCTWebSocket.xcodeproj */ = {isa = PBXFileReference; lastKnownFileType = "wrapper.pb-project"; name = RCTWebSocket.xcodeproj; path = "../node_modules/react-native/Libraries/WebSocket/RCTWebSocket.xcodeproj"; sourceTree = "<group>"; };
		13B07F961A680F5B00A75B9A /* ownyourdata.app */ = {isa = PBXFileReference; explicitFileType = wrapper.application; includeInIndex = 0; path = ownyourdata.app; sourceTree = BUILT_PRODUCTS_DIR; };
		13B07FAF1A68108700A75B9A /* AppDelegate.h */ = {isa = PBXFileReference; fileEncoding = 4; lastKnownFileType = sourcecode.c.h; name = AppDelegate.h; path = ownyourdata/AppDelegate.h; sourceTree = "<group>"; };
		13B07FB01A68108700A75B9A /* AppDelegate.m */ = {isa = PBXFileReference; fileEncoding = 4; lastKnownFileType = sourcecode.c.objc; name = AppDelegate.m; path = ownyourdata/AppDelegate.m; sourceTree = "<group>"; };
		13B07FB51A68108700A75B9A /* Images.xcassets */ = {isa = PBXFileReference; lastKnownFileType = folder.assetcatalog; name = Images.xcassets; path = ownyourdata/Images.xcassets; sourceTree = "<group>"; };
		13B07FB61A68108700A75B9A /* Info.plist */ = {isa = PBXFileReference; fileEncoding = 4; lastKnownFileType = text.plist.xml; name = Info.plist; path = ownyourdata/Info.plist; sourceTree = "<group>"; };
		13B07FB71A68108700A75B9A /* main.m */ = {isa = PBXFileReference; fileEncoding = 4; lastKnownFileType = sourcecode.c.objc; name = main.m; path = ownyourdata/main.m; sourceTree = "<group>"; };
		146833FF1AC3E56700842450 /* React.xcodeproj */ = {isa = PBXFileReference; lastKnownFileType = "wrapper.pb-project"; name = React.xcodeproj; path = "../node_modules/react-native/React/React.xcodeproj"; sourceTree = "<group>"; };
		19B7E22304B04B4B9803127B /* Octicons.ttf */ = {isa = PBXFileReference; explicitFileType = undefined; fileEncoding = 9; includeInIndex = 0; lastKnownFileType = unknown; name = Octicons.ttf; path = "../node_modules/react-native-vector-icons/Fonts/Octicons.ttf"; sourceTree = "<group>"; };
		1A8E67C6BC114FEEA115F1D3 /* MaterialCommunityIcons.ttf */ = {isa = PBXFileReference; explicitFileType = undefined; fileEncoding = 9; includeInIndex = 0; lastKnownFileType = unknown; name = MaterialCommunityIcons.ttf; path = "../node_modules/react-native-vector-icons/Fonts/MaterialCommunityIcons.ttf"; sourceTree = "<group>"; };
		1B3F7BA2C11A46808BEE24FF /* Arial.ttf */ = {isa = PBXFileReference; explicitFileType = undefined; fileEncoding = 9; includeInIndex = 0; lastKnownFileType = unknown; name = Arial.ttf; path = ../fonts/Arial.ttf; sourceTree = "<group>"; };
		1EEE6A0F356B40E9871748BA /* libRCTSodium.a */ = {isa = PBXFileReference; explicitFileType = undefined; fileEncoding = 9; includeInIndex = 0; lastKnownFileType = archive.ar; path = libRCTSodium.a; sourceTree = "<group>"; };
		23B1887BA05F4BDE88333D5F /* libCocoaLumberjack.a */ = {isa = PBXFileReference; explicitFileType = undefined; fileEncoding = 9; includeInIndex = 0; lastKnownFileType = archive.ar; path = libCocoaLumberjack.a; sourceTree = "<group>"; };
		30B62BC8ADAA46B382B4D1D0 /* TSBackgroundFetch.framework */ = {isa = PBXFileReference; explicitFileType = undefined; fileEncoding = 9; includeInIndex = 0; lastKnownFileType = wrapper.framework; name = TSBackgroundFetch.framework; path = "../node_modules/react-native-background-fetch/ios/RNBackgroundFetch/TSBackgroundFetch.framework"; sourceTree = SDKROOT; };
		31516AC661378CBA1105F0AE /* libPods-ownyourdata.a */ = {isa = PBXFileReference; explicitFileType = archive.ar; includeInIndex = 0; path = "libPods-ownyourdata.a"; sourceTree = BUILT_PRODUCTS_DIR; };
		38F86859CB7CD8AFC3FBE39E /* Pods-ownyourdata.debug.xcconfig */ = {isa = PBXFileReference; includeInIndex = 1; lastKnownFileType = text.xcconfig; name = "Pods-ownyourdata.debug.xcconfig"; path = "Target Support Files/Pods-ownyourdata/Pods-ownyourdata.debug.xcconfig"; sourceTree = "<group>"; };
		39B1C95EA87740E6AF07BDEF /* Arial Italic.ttf */ = {isa = PBXFileReference; explicitFileType = undefined; fileEncoding = 9; includeInIndex = 0; lastKnownFileType = unknown; name = "Arial Italic.ttf"; path = "../fonts/Arial Italic.ttf"; sourceTree = "<group>"; };
		4659806B2049903B00E80407 /* RNLibSodium.h */ = {isa = PBXFileReference; lastKnownFileType = sourcecode.c.h; path = RNLibSodium.h; sourceTree = "<group>"; };
		465980A02049904700E80407 /* RNLibSodium.m */ = {isa = PBXFileReference; lastKnownFileType = sourcecode.c.objc; path = RNLibSodium.m; sourceTree = "<group>"; };
		4674ACD8201EB9FB0050A158 /* Fabric.framework */ = {isa = PBXFileReference; lastKnownFileType = wrapper.framework; path = Fabric.framework; sourceTree = "<group>"; };
		4674ACD9201EB9FC0050A158 /* Crashlytics.framework */ = {isa = PBXFileReference; lastKnownFileType = wrapper.framework; path = Crashlytics.framework; sourceTree = "<group>"; };
		468CA4B620A59646005125AF /* WifiCheck.h */ = {isa = PBXFileReference; lastKnownFileType = sourcecode.c.h; path = WifiCheck.h; sourceTree = "<group>"; };
		468CA4F120A59654005125AF /* WifiCheck.m */ = {isa = PBXFileReference; lastKnownFileType = sourcecode.c.objc; path = WifiCheck.m; sourceTree = "<group>"; };
		468CA4F320A59766005125AF /* Reachability.m */ = {isa = PBXFileReference; lastKnownFileType = sourcecode.c.objc; path = Reachability.m; sourceTree = "<group>"; };
		468CA4F520A59773005125AF /* Reachability.h */ = {isa = PBXFileReference; lastKnownFileType = sourcecode.c.h; path = Reachability.h; sourceTree = "<group>"; };
		468D656F20505C4200294EC0 /* TSBackgroundFetch.framework */ = {isa = PBXFileReference; lastKnownFileType = wrapper.framework; name = TSBackgroundFetch.framework; path = "../node_modules/react-native-background-fetch/ios/RNBackgroundFetch/TSBackgroundFetch.framework"; sourceTree = "<group>"; };
		48FB7565E6394C4FA996496A /* Foundation.ttf */ = {isa = PBXFileReference; explicitFileType = undefined; fileEncoding = 9; includeInIndex = 0; lastKnownFileType = unknown; name = Foundation.ttf; path = "../node_modules/react-native-vector-icons/Fonts/Foundation.ttf"; sourceTree = "<group>"; };
		522E87BA73F04CC3AC793B23 /* RNBackgroundFetch+AppDelegate.m */ = {isa = PBXFileReference; explicitFileType = undefined; fileEncoding = 4; includeInIndex = 0; lastKnownFileType = sourcecode.c.objc; name = "RNBackgroundFetch+AppDelegate.m"; path = "../node_modules/react-native-background-fetch/ios/RNBackgroundFetch/RNBackgroundFetch+AppDelegate.m"; sourceTree = "<group>"; };
		55D32DDECE32445C91CE408F /* EvilIcons.ttf */ = {isa = PBXFileReference; explicitFileType = undefined; fileEncoding = 9; includeInIndex = 0; lastKnownFileType = unknown; name = EvilIcons.ttf; path = "../node_modules/react-native-vector-icons/Fonts/EvilIcons.ttf"; sourceTree = "<group>"; };
		5C4C8F8D5E2F47D0A652FEBD /* Calibri Italic.ttf */ = {isa = PBXFileReference; explicitFileType = undefined; fileEncoding = 9; includeInIndex = 0; lastKnownFileType = unknown; name = "Calibri Italic.ttf"; path = "../fonts/Calibri Italic.ttf"; sourceTree = "<group>"; };
		5E91572D1DD0AC6500FF2AA8 /* RCTAnimation.xcodeproj */ = {isa = PBXFileReference; lastKnownFileType = "wrapper.pb-project"; name = RCTAnimation.xcodeproj; path = "../node_modules/react-native/Libraries/NativeAnimation/RCTAnimation.xcodeproj"; sourceTree = "<group>"; };
		5FCAEEE268924556B0C1903D /* Calibri.ttf */ = {isa = PBXFileReference; explicitFileType = undefined; fileEncoding = 9; includeInIndex = 0; lastKnownFileType = unknown; name = Calibri.ttf; path = ../fonts/Calibri.ttf; sourceTree = "<group>"; };
		605DA9F320E047B5A89C19AD /* libRCTActionSheet.a */ = {isa = PBXFileReference; explicitFileType = undefined; fileEncoding = 9; includeInIndex = 0; lastKnownFileType = archive.ar; path = libRCTActionSheet.a; sourceTree = "<group>"; };
		60898A0D10DB4490930AE94D /* SimpleLineIcons.ttf */ = {isa = PBXFileReference; explicitFileType = undefined; fileEncoding = 9; includeInIndex = 0; lastKnownFileType = unknown; name = SimpleLineIcons.ttf; path = "../node_modules/react-native-vector-icons/Fonts/SimpleLineIcons.ttf"; sourceTree = "<group>"; };
		644818A67BC5449CB4FFB48E /* Calibri Bold.TTF */ = {isa = PBXFileReference; explicitFileType = undefined; fileEncoding = 9; includeInIndex = 0; lastKnownFileType = unknown; name = "Calibri Bold.TTF"; path = "../fonts/Calibri Bold.TTF"; sourceTree = "<group>"; };
		6643E729D5F84F1E9EF9A923 /* Feather.ttf */ = {isa = PBXFileReference; explicitFileType = undefined; fileEncoding = 9; includeInIndex = 0; lastKnownFileType = unknown; name = Feather.ttf; path = "../node_modules/react-native-vector-icons/Fonts/Feather.ttf"; sourceTree = "<group>"; };
		6DA59CD21AFB4A9C967E4531 /* Arial Bold.ttf */ = {isa = PBXFileReference; explicitFileType = undefined; fileEncoding = 9; includeInIndex = 0; lastKnownFileType = unknown; name = "Arial Bold.ttf"; path = "../fonts/Arial Bold.ttf"; sourceTree = "<group>"; };
		7292477B78714D2BB95000D4 /* libRCTSplashScreen.a */ = {isa = PBXFileReference; explicitFileType = undefined; fileEncoding = 9; includeInIndex = 0; lastKnownFileType = archive.ar; path = libRCTSplashScreen.a; sourceTree = "<group>"; };
		76405165D4634C86AAE39A83 /* Arial Bold Italic.ttf */ = {isa = PBXFileReference; explicitFileType = undefined; fileEncoding = 9; includeInIndex = 0; lastKnownFileType = unknown; name = "Arial Bold Italic.ttf"; path = "../fonts/Arial Bold Italic.ttf"; sourceTree = "<group>"; };
		78C398B01ACF4ADC00677621 /* RCTLinking.xcodeproj */ = {isa = PBXFileReference; lastKnownFileType = "wrapper.pb-project"; name = RCTLinking.xcodeproj; path = "../node_modules/react-native/Libraries/LinkingIOS/RCTLinking.xcodeproj"; sourceTree = "<group>"; };
		7DE9028F650D4900817CA113 /* Calibri Bold Italic.TTF */ = {isa = PBXFileReference; explicitFileType = undefined; fileEncoding = 9; includeInIndex = 0; lastKnownFileType = unknown; name = "Calibri Bold Italic.TTF"; path = "../fonts/Calibri Bold Italic.TTF"; sourceTree = "<group>"; };
		832341B01AAA6A8300B99B32 /* RCTText.xcodeproj */ = {isa = PBXFileReference; lastKnownFileType = "wrapper.pb-project"; name = RCTText.xcodeproj; path = "../node_modules/react-native/Libraries/Text/RCTText.xcodeproj"; sourceTree = "<group>"; };
		8400284C24F7BD5800DBE46E /* LaunchScreen.storyboard */ = {isa = PBXFileReference; lastKnownFileType = file.storyboard; path = LaunchScreen.storyboard; sourceTree = "<group>"; };
		840D952724F65DFB00AA4110 /* libReact-RCTBlob.a */ = {isa = PBXFileReference; explicitFileType = archive.ar; path = "libReact-RCTBlob.a"; sourceTree = BUILT_PRODUCTS_DIR; };
		840D952924F65E1400AA4110 /* libReact-RCTAnimation.a */ = {isa = PBXFileReference; explicitFileType = archive.ar; path = "libReact-RCTAnimation.a"; sourceTree = BUILT_PRODUCTS_DIR; };
		840D952B24F65E4500AA4110 /* libReact-Core.a */ = {isa = PBXFileReference; explicitFileType = archive.ar; path = "libReact-Core.a"; sourceTree = BUILT_PRODUCTS_DIR; };
		840D952D24F65E8400AA4110 /* libReact-RCTImage.a */ = {isa = PBXFileReference; explicitFileType = archive.ar; path = "libReact-RCTImage.a"; sourceTree = BUILT_PRODUCTS_DIR; };
		840D952F24F65E8C00AA4110 /* libReact-RCTLinking.a */ = {isa = PBXFileReference; explicitFileType = archive.ar; path = "libReact-RCTLinking.a"; sourceTree = BUILT_PRODUCTS_DIR; };
		840D953124F65E9300AA4110 /* libReact-RCTNetwork.a */ = {isa = PBXFileReference; explicitFileType = archive.ar; path = "libReact-RCTNetwork.a"; sourceTree = BUILT_PRODUCTS_DIR; };
		840D953324F65E9900AA4110 /* libReact-RCTSettings.a */ = {isa = PBXFileReference; explicitFileType = archive.ar; path = "libReact-RCTSettings.a"; sourceTree = BUILT_PRODUCTS_DIR; };
		840D953524F65EA000AA4110 /* libReact-RCTText.a */ = {isa = PBXFileReference; explicitFileType = archive.ar; path = "libReact-RCTText.a"; sourceTree = BUILT_PRODUCTS_DIR; };
		840D953724F65EA600AA4110 /* libReact-RCTVibration.a */ = {isa = PBXFileReference; explicitFileType = archive.ar; path = "libReact-RCTVibration.a"; sourceTree = BUILT_PRODUCTS_DIR; };
		840D953924F65FC900AA4110 /* ownyourdata-Bridging-Header.h */ = {isa = PBXFileReference; lastKnownFileType = sourcecode.c.h; path = "ownyourdata-Bridging-Header.h"; sourceTree = "<group>"; };
		840D953A24F65FC900AA4110 /* ownyourdata.swift */ = {isa = PBXFileReference; lastKnownFileType = sourcecode.swift; path = ownyourdata.swift; sourceTree = "<group>"; };
		840FAC35253F268700D1CE06 /* appicon.png */ = {isa = PBXFileReference; lastKnownFileType = image.png; name = appicon.png; path = ownyourdata/Images.xcassets/AppIcon.appiconset/appicon.png; sourceTree = "<group>"; };
		84A36A062541876C00D4FF53 /* liblibsodium.a */ = {isa = PBXFileReference; explicitFileType = archive.ar; path = liblibsodium.a; sourceTree = BUILT_PRODUCTS_DIR; };
		95FECC5307C94434A14FED59 /* libRNLocation.a */ = {isa = PBXFileReference; explicitFileType = undefined; fileEncoding = 9; includeInIndex = 0; lastKnownFileType = archive.ar; path = libRNLocation.a; sourceTree = "<group>"; };
		A168CE95D3D04BA2013B49F9 /* Pods-ownyourdata.release.xcconfig */ = {isa = PBXFileReference; includeInIndex = 1; lastKnownFileType = text.xcconfig; name = "Pods-ownyourdata.release.xcconfig"; path = "Target Support Files/Pods-ownyourdata/Pods-ownyourdata.release.xcconfig"; sourceTree = "<group>"; };
		ADBDB91F1DFEBF0600ED6528 /* RCTBlob.xcodeproj */ = {isa = PBXFileReference; lastKnownFileType = "wrapper.pb-project"; name = RCTBlob.xcodeproj; path = "../node_modules/react-native/Libraries/Blob/RCTBlob.xcodeproj"; sourceTree = "<group>"; };
		C6753352722B4D959A5BFB6A /* Calibri Italic.TTF */ = {isa = PBXFileReference; explicitFileType = undefined; fileEncoding = 9; includeInIndex = 0; lastKnownFileType = unknown; name = "Calibri Italic.TTF"; path = "../fonts/Calibri Italic.TTF"; sourceTree = "<group>"; };
		C6D01171DF204725B2287705 /* Calibri Bold Italic.ttf */ = {isa = PBXFileReference; explicitFileType = undefined; fileEncoding = 9; includeInIndex = 0; lastKnownFileType = unknown; name = "Calibri Bold Italic.ttf"; path = "../fonts/Calibri Bold Italic.ttf"; sourceTree = "<group>"; };
		CF3FC7E4576C4A68A1D46909 /* FontAwesome.ttf */ = {isa = PBXFileReference; explicitFileType = undefined; fileEncoding = 9; includeInIndex = 0; lastKnownFileType = unknown; name = FontAwesome.ttf; path = "../node_modules/react-native-vector-icons/Fonts/FontAwesome.ttf"; sourceTree = "<group>"; };
		E60E81A818494DDC88AF77CB /* Lumberjack.xcodeproj */ = {isa = PBXFileReference; explicitFileType = undefined; fileEncoding = 9; includeInIndex = 0; lastKnownFileType = "wrapper.pb-project"; name = Lumberjack.xcodeproj; path = "../node_modules/cocoa-lumberjack/CocoaLumberjack/Lumberjack.xcodeproj"; sourceTree = "<group>"; };
		EF92CB78DD0F47E492D67F81 /* MaterialIcons.ttf */ = {isa = PBXFileReference; explicitFileType = undefined; fileEncoding = 9; includeInIndex = 0; lastKnownFileType = unknown; name = MaterialIcons.ttf; path = "../node_modules/react-native-vector-icons/Fonts/MaterialIcons.ttf"; sourceTree = "<group>"; };
/* End PBXFileReference section */

/* Begin PBXFrameworksBuildPhase section */
		13B07F8C1A680F5B00A75B9A /* Frameworks */ = {
			isa = PBXFrameworksBuildPhase;
			buildActionMask = 2147483647;
			files = (
				84A36A072541876C00D4FF53 /* liblibsodium.a in Frameworks */,
				840D953824F65EA600AA4110 /* libReact-RCTVibration.a in Frameworks */,
				840D953624F65EA000AA4110 /* libReact-RCTText.a in Frameworks */,
				840D953424F65E9900AA4110 /* libReact-RCTSettings.a in Frameworks */,
				840D953224F65E9300AA4110 /* libReact-RCTNetwork.a in Frameworks */,
				840D953024F65E8C00AA4110 /* libReact-RCTLinking.a in Frameworks */,
				840D952E24F65E8400AA4110 /* libReact-RCTImage.a in Frameworks */,
				840D952C24F65E4500AA4110 /* libReact-Core.a in Frameworks */,
				840D952A24F65E1400AA4110 /* libReact-RCTAnimation.a in Frameworks */,
				840D952824F65DFB00AA4110 /* libReact-RCTBlob.a in Frameworks */,
				468D657020505C4200294EC0 /* TSBackgroundFetch.framework in Frameworks */,
				4674ACDA201EB9FC0050A158 /* Fabric.framework in Frameworks */,
				4674ACDB201EB9FC0050A158 /* Crashlytics.framework in Frameworks */,
				5E552CEC9E934A13B19BB9CC /* libCocoaLumberjack.a in Frameworks */,
				0075ABF6DC43ECC17F64B97B /* libPods-ownyourdata.a in Frameworks */,
			);
			runOnlyForDeploymentPostprocessing = 0;
		};
/* End PBXFrameworksBuildPhase section */

/* Begin PBXGroup section */
		00C302A81ABCB8CE00DB3ED1 /* Products */ = {
			isa = PBXGroup;
			children = (
				00C302AC1ABCB8CE00DB3ED1 /* libRCTActionSheet.a */,
			);
			name = Products;
			sourceTree = "<group>";
		};
		00C302B61ABCB90400DB3ED1 /* Products */ = {
			isa = PBXGroup;
			children = (
				00C302BA1ABCB90400DB3ED1 /* libRCTGeolocation.a */,
			);
			name = Products;
			sourceTree = "<group>";
		};
		00C302BC1ABCB91800DB3ED1 /* Products */ = {
			isa = PBXGroup;
			children = (
				00C302C01ABCB91800DB3ED1 /* libRCTImage.a */,
				3DAD3E841DF850E9000B6D8A /* libRCTImage-tvOS.a */,
			);
			name = Products;
			sourceTree = "<group>";
		};
		00C302D41ABCB9D200DB3ED1 /* Products */ = {
			isa = PBXGroup;
			children = (
				00C302DC1ABCB9D200DB3ED1 /* libRCTNetwork.a */,
				3DAD3E8C1DF850E9000B6D8A /* libRCTNetwork-tvOS.a */,
			);
			name = Products;
			sourceTree = "<group>";
		};
		00C302E01ABCB9EE00DB3ED1 /* Products */ = {
			isa = PBXGroup;
			children = (
				00C302E41ABCB9EE00DB3ED1 /* libRCTVibration.a */,
			);
			name = Products;
			sourceTree = "<group>";
		};
		00E356EF1AD99517003FC87E /* ownyourdataTests */ = {
			isa = PBXGroup;
			children = (
				00E356F21AD99517003FC87E /* ownyourdataTests.m */,
				00E356F01AD99517003FC87E /* Supporting Files */,
			);
			path = ownyourdataTests;
			sourceTree = "<group>";
		};
		00E356F01AD99517003FC87E /* Supporting Files */ = {
			isa = PBXGroup;
			children = (
				00E356F11AD99517003FC87E /* Info.plist */,
			);
			name = "Supporting Files";
			sourceTree = "<group>";
		};
		139105B71AF99BAD00B5F7CC /* Products */ = {
			isa = PBXGroup;
			children = (
				139105C11AF99BAD00B5F7CC /* libRCTSettings.a */,
				3DAD3E901DF850E9000B6D8A /* libRCTSettings-tvOS.a */,
			);
			name = Products;
			sourceTree = "<group>";
		};
		139FDEE71B06529A00C62182 /* Products */ = {
			isa = PBXGroup;
			children = (
				139FDEF41B06529B00C62182 /* libRCTWebSocket.a */,
				3DAD3E991DF850E9000B6D8A /* libRCTWebSocket-tvOS.a */,
				4642FD721FF461EE0067F700 /* libfishhook.a */,
				4642FD741FF461EE0067F700 /* libfishhook-tvOS.a */,
			);
			name = Products;
			sourceTree = "<group>";
		};
		13B07FAE1A68108700A75B9A /* ownyourdata */ = {
			isa = PBXGroup;
			children = (
				840FAC35253F268700D1CE06 /* appicon.png */,
				4674ACD9201EB9FC0050A158 /* Crashlytics.framework */,
				4674ACD8201EB9FB0050A158 /* Fabric.framework */,
				008F07F21AC5B25A0029DE68 /* main.jsbundle */,
				13B07FAF1A68108700A75B9A /* AppDelegate.h */,
				13B07FB01A68108700A75B9A /* AppDelegate.m */,
				13B07FB51A68108700A75B9A /* Images.xcassets */,
				13B07FB61A68108700A75B9A /* Info.plist */,
				13B07FB71A68108700A75B9A /* main.m */,
				522E87BA73F04CC3AC793B23 /* RNBackgroundFetch+AppDelegate.m */,
				4659806B2049903B00E80407 /* RNLibSodium.h */,
				465980A02049904700E80407 /* RNLibSodium.m */,
				468CA4B620A59646005125AF /* WifiCheck.h */,
				468CA4F120A59654005125AF /* WifiCheck.m */,
				468CA4F320A59766005125AF /* Reachability.m */,
				468CA4F520A59773005125AF /* Reachability.h */,
				8400284C24F7BD5800DBE46E /* LaunchScreen.storyboard */,
			);
			name = ownyourdata;
			sourceTree = "<group>";
		};
		146834001AC3E56700842450 /* Products */ = {
			isa = PBXGroup;
			children = (
				146834041AC3E56700842450 /* libReact.a */,
				3DAD3EA31DF850E9000B6D8A /* libReact.a */,
				3DAD3EA51DF850E9000B6D8A /* libyoga.a */,
				3DAD3EA71DF850E9000B6D8A /* libyoga.a */,
				3DAD3EA91DF850E9000B6D8A /* libcxxreact.a */,
				3DAD3EAB1DF850E9000B6D8A /* libcxxreact.a */,
				3DAD3EAD1DF850E9000B6D8A /* libjschelpers.a */,
				3DAD3EAF1DF850E9000B6D8A /* libjschelpers.a */,
				46978CE92004B102007BAF3B /* libthird-party.a */,
				46978CEB2004B102007BAF3B /* libthird-party.a */,
				46978CED2004B102007BAF3B /* libdouble-conversion.a */,
				46978CEF2004B102007BAF3B /* libdouble-conversion.a */,
				46978CF12004B102007BAF3B /* libprivatedata.a */,
				46978CF32004B102007BAF3B /* libprivatedata-tvOS.a */,
			);
			name = Products;
			sourceTree = "<group>";
		};
		4610C01E20408E0000DBB302 /* Frameworks */ = {
			isa = PBXGroup;
			children = (
				84A36A062541876C00D4FF53 /* liblibsodium.a */,
				840D953724F65EA600AA4110 /* libReact-RCTVibration.a */,
				840D953524F65EA000AA4110 /* libReact-RCTText.a */,
				840D953324F65E9900AA4110 /* libReact-RCTSettings.a */,
				840D953124F65E9300AA4110 /* libReact-RCTNetwork.a */,
				840D952F24F65E8C00AA4110 /* libReact-RCTLinking.a */,
				840D952D24F65E8400AA4110 /* libReact-RCTImage.a */,
				840D952B24F65E4500AA4110 /* libReact-Core.a */,
				840D952924F65E1400AA4110 /* libReact-RCTAnimation.a */,
				840D952724F65DFB00AA4110 /* libReact-RCTBlob.a */,
				468D656F20505C4200294EC0 /* TSBackgroundFetch.framework */,
				31516AC661378CBA1105F0AE /* libPods-ownyourdata.a */,
			);
			name = Frameworks;
			sourceTree = "<group>";
		};
		4642FD591FF461ED0067F700 /* Recovered References */ = {
			isa = PBXGroup;
			children = (
				30B62BC8ADAA46B382B4D1D0 /* TSBackgroundFetch.framework */,
				95FECC5307C94434A14FED59 /* libRNLocation.a */,
				605DA9F320E047B5A89C19AD /* libRCTActionSheet.a */,
				1EEE6A0F356B40E9871748BA /* libRCTSodium.a */,
				7292477B78714D2BB95000D4 /* libRCTSplashScreen.a */,
				23B1887BA05F4BDE88333D5F /* libCocoaLumberjack.a */,
			);
			name = "Recovered References";
			sourceTree = "<group>";
		};
		464E6A0B20A32FD6004521E3 /* Products */ = {
			isa = PBXGroup;
			children = (
				464E6A0F20A32FD6004521E3 /* libCocoaLumberjack.a */,
			);
			name = Products;
			sourceTree = "<group>";
		};
		5E91572E1DD0AC6500FF2AA8 /* Products */ = {
			isa = PBXGroup;
			children = (
				5E9157331DD0AC6500FF2AA8 /* libRCTAnimation.a */,
				5E9157351DD0AC6500FF2AA8 /* libRCTAnimation.a */,
			);
			name = Products;
			sourceTree = "<group>";
		};
		78C398B11ACF4ADC00677621 /* Products */ = {
			isa = PBXGroup;
			children = (
				78C398B91ACF4ADC00677621 /* libRCTLinking.a */,
				3DAD3E881DF850E9000B6D8A /* libRCTLinking-tvOS.a */,
			);
			name = Products;
			sourceTree = "<group>";
		};
		832341AE1AAA6A7D00B99B32 /* Libraries */ = {
			isa = PBXGroup;
			children = (
				146833FF1AC3E56700842450 /* React.xcodeproj */,
				5E91572D1DD0AC6500FF2AA8 /* RCTAnimation.xcodeproj */,
				00C302A71ABCB8CE00DB3ED1 /* RCTActionSheet.xcodeproj */,
				ADBDB91F1DFEBF0600ED6528 /* RCTBlob.xcodeproj */,
				00C302B51ABCB90400DB3ED1 /* RCTGeolocation.xcodeproj */,
				00C302BB1ABCB91800DB3ED1 /* RCTImage.xcodeproj */,
				78C398B01ACF4ADC00677621 /* RCTLinking.xcodeproj */,
				00C302D31ABCB9D200DB3ED1 /* RCTNetwork.xcodeproj */,
				139105B61AF99BAD00B5F7CC /* RCTSettings.xcodeproj */,
				832341B01AAA6A8300B99B32 /* RCTText.xcodeproj */,
				00C302DF1ABCB9EE00DB3ED1 /* RCTVibration.xcodeproj */,
				139FDEE61B06529A00C62182 /* RCTWebSocket.xcodeproj */,
				E60E81A818494DDC88AF77CB /* Lumberjack.xcodeproj */,
			);
			name = Libraries;
			sourceTree = "<group>";
		};
		832341B11AAA6A8300B99B32 /* Products */ = {
			isa = PBXGroup;
			children = (
				832341B51AAA6A8300B99B32 /* libRCTText.a */,
				3DAD3E941DF850E9000B6D8A /* libRCTText-tvOS.a */,
			);
			name = Products;
			sourceTree = "<group>";
		};
		83CBB9F61A601CBA00E9B192 = {
			isa = PBXGroup;
			children = (
				840D953A24F65FC900AA4110 /* ownyourdata.swift */,
				13B07FAE1A68108700A75B9A /* ownyourdata */,
				832341AE1AAA6A7D00B99B32 /* Libraries */,
				00E356EF1AD99517003FC87E /* ownyourdataTests */,
				83CBBA001A601CBA00E9B192 /* Products */,
				4642FD591FF461ED0067F700 /* Recovered References */,
				B60182AF16374D8ABC171CAC /* Resources */,
				4610C01E20408E0000DBB302 /* Frameworks */,
				A25D6FC988FE47983A7C40A9 /* Pods */,
				840D953924F65FC900AA4110 /* ownyourdata-Bridging-Header.h */,
			);
			indentWidth = 2;
			sourceTree = "<group>";
			tabWidth = 2;
			usesTabs = 0;
		};
		83CBBA001A601CBA00E9B192 /* Products */ = {
			isa = PBXGroup;
			children = (
				13B07F961A680F5B00A75B9A /* ownyourdata.app */,
			);
			name = Products;
			sourceTree = "<group>";
		};
		A25D6FC988FE47983A7C40A9 /* Pods */ = {
			isa = PBXGroup;
			children = (
				38F86859CB7CD8AFC3FBE39E /* Pods-ownyourdata.debug.xcconfig */,
				A168CE95D3D04BA2013B49F9 /* Pods-ownyourdata.release.xcconfig */,
			);
			path = Pods;
			sourceTree = "<group>";
		};
		ADBDB9201DFEBF0600ED6528 /* Products */ = {
			isa = PBXGroup;
			children = (
				ADBDB9271DFEBF0700ED6528 /* libRCTBlob.a */,
				4642FD601FF461EE0067F700 /* libRCTBlob-tvOS.a */,
			);
			name = Products;
			sourceTree = "<group>";
		};
		B60182AF16374D8ABC171CAC /* Resources */ = {
			isa = PBXGroup;
			children = (
				76405165D4634C86AAE39A83 /* Arial Bold Italic.ttf */,
				6DA59CD21AFB4A9C967E4531 /* Arial Bold.ttf */,
				39B1C95EA87740E6AF07BDEF /* Arial Italic.ttf */,
				1B3F7BA2C11A46808BEE24FF /* Arial.ttf */,
				5FCAEEE268924556B0C1903D /* Calibri.ttf */,
				1228F365A7E945539EB63A61 /* Entypo.ttf */,
				55D32DDECE32445C91CE408F /* EvilIcons.ttf */,
				6643E729D5F84F1E9EF9A923 /* Feather.ttf */,
				CF3FC7E4576C4A68A1D46909 /* FontAwesome.ttf */,
				48FB7565E6394C4FA996496A /* Foundation.ttf */,
				07DB2E9E8E6048C5A3AC1ADD /* Ionicons.ttf */,
				1A8E67C6BC114FEEA115F1D3 /* MaterialCommunityIcons.ttf */,
				EF92CB78DD0F47E492D67F81 /* MaterialIcons.ttf */,
				19B7E22304B04B4B9803127B /* Octicons.ttf */,
				60898A0D10DB4490930AE94D /* SimpleLineIcons.ttf */,
				108067A37219468FBEB47400 /* Zocial.ttf */,
				C6D01171DF204725B2287705 /* Calibri Bold Italic.ttf */,
				10F734486758442CADD0D780 /* Calibri Bold.ttf */,
				5C4C8F8D5E2F47D0A652FEBD /* Calibri Italic.ttf */,
				7DE9028F650D4900817CA113 /* Calibri Bold Italic.TTF */,
				644818A67BC5449CB4FFB48E /* Calibri Bold.TTF */,
				C6753352722B4D959A5BFB6A /* Calibri Italic.TTF */,
			);
			name = Resources;
			sourceTree = "<group>";
		};
/* End PBXGroup section */

/* Begin PBXNativeTarget section */
		13B07F861A680F5B00A75B9A /* ownyourdata */ = {
			isa = PBXNativeTarget;
			buildConfigurationList = 13B07F931A680F5B00A75B9A /* Build configuration list for PBXNativeTarget "ownyourdata" */;
			buildPhases = (
				24D2A7734EE3C3CC777D82CE /* [CP] Check Pods Manifest.lock */,
				13B07F871A680F5B00A75B9A /* Sources */,
				13B07F8C1A680F5B00A75B9A /* Frameworks */,
				13B07F8E1A680F5B00A75B9A /* Resources */,
				00DD1BFF1BD5951E006B06BC /* Bundle React Native code and images */,
				4674ACA4201EB78F0050A158 /* ShellScript */,
				89B18BB1DFA349CB9ABF9DD0 /* Upload Debug Symbols to Sentry */,
				84B58A274CC950A234F5E84A /* [CP] Copy Pods Resources */,
			);
			buildRules = (
			);
			dependencies = (
			);
			name = ownyourdata;
			productName = "Hello World";
			productReference = 13B07F961A680F5B00A75B9A /* ownyourdata.app */;
			productType = "com.apple.product-type.application";
		};
/* End PBXNativeTarget section */

/* Begin PBXProject section */
		83CBB9F71A601CBA00E9B192 /* Project object */ = {
			isa = PBXProject;
			attributes = {
				LastUpgradeCheck = 1160;
				ORGANIZATIONNAME = Facebook;
				TargetAttributes = {
					13B07F861A680F5B00A75B9A = {
						DevelopmentTeam = 3437M53R66;
						LastSwiftMigration = 1160;
						ProvisioningStyle = Automatic;
					};
				};
			};
			buildConfigurationList = 83CBB9FA1A601CBA00E9B192 /* Build configuration list for PBXProject "ownyourdata" */;
			compatibilityVersion = "Xcode 3.2";
			developmentRegion = English;
			hasScannedForEncodings = 0;
			knownRegions = (
				English,
				en,
				Base,
			);
			mainGroup = 83CBB9F61A601CBA00E9B192;
			productRefGroup = 83CBBA001A601CBA00E9B192 /* Products */;
			projectDirPath = "";
			projectReferences = (
				{
					ProductGroup = 464E6A0B20A32FD6004521E3 /* Products */;
					ProjectRef = E60E81A818494DDC88AF77CB /* Lumberjack.xcodeproj */;
				},
				{
					ProductGroup = 00C302A81ABCB8CE00DB3ED1 /* Products */;
					ProjectRef = 00C302A71ABCB8CE00DB3ED1 /* RCTActionSheet.xcodeproj */;
				},
				{
					ProductGroup = 5E91572E1DD0AC6500FF2AA8 /* Products */;
					ProjectRef = 5E91572D1DD0AC6500FF2AA8 /* RCTAnimation.xcodeproj */;
				},
				{
					ProductGroup = ADBDB9201DFEBF0600ED6528 /* Products */;
					ProjectRef = ADBDB91F1DFEBF0600ED6528 /* RCTBlob.xcodeproj */;
				},
				{
					ProductGroup = 00C302B61ABCB90400DB3ED1 /* Products */;
					ProjectRef = 00C302B51ABCB90400DB3ED1 /* RCTGeolocation.xcodeproj */;
				},
				{
					ProductGroup = 00C302BC1ABCB91800DB3ED1 /* Products */;
					ProjectRef = 00C302BB1ABCB91800DB3ED1 /* RCTImage.xcodeproj */;
				},
				{
					ProductGroup = 78C398B11ACF4ADC00677621 /* Products */;
					ProjectRef = 78C398B01ACF4ADC00677621 /* RCTLinking.xcodeproj */;
				},
				{
					ProductGroup = 00C302D41ABCB9D200DB3ED1 /* Products */;
					ProjectRef = 00C302D31ABCB9D200DB3ED1 /* RCTNetwork.xcodeproj */;
				},
				{
					ProductGroup = 139105B71AF99BAD00B5F7CC /* Products */;
					ProjectRef = 139105B61AF99BAD00B5F7CC /* RCTSettings.xcodeproj */;
				},
				{
					ProductGroup = 832341B11AAA6A8300B99B32 /* Products */;
					ProjectRef = 832341B01AAA6A8300B99B32 /* RCTText.xcodeproj */;
				},
				{
					ProductGroup = 00C302E01ABCB9EE00DB3ED1 /* Products */;
					ProjectRef = 00C302DF1ABCB9EE00DB3ED1 /* RCTVibration.xcodeproj */;
				},
				{
					ProductGroup = 139FDEE71B06529A00C62182 /* Products */;
					ProjectRef = 139FDEE61B06529A00C62182 /* RCTWebSocket.xcodeproj */;
				},
				{
					ProductGroup = 146834001AC3E56700842450 /* Products */;
					ProjectRef = 146833FF1AC3E56700842450 /* React.xcodeproj */;
				},
			);
			projectRoot = "";
			targets = (
				13B07F861A680F5B00A75B9A /* ownyourdata */,
			);
		};
/* End PBXProject section */

/* Begin PBXReferenceProxy section */
		00C302AC1ABCB8CE00DB3ED1 /* libRCTActionSheet.a */ = {
			isa = PBXReferenceProxy;
			fileType = archive.ar;
			path = libRCTActionSheet.a;
			remoteRef = 00C302AB1ABCB8CE00DB3ED1 /* PBXContainerItemProxy */;
			sourceTree = BUILT_PRODUCTS_DIR;
		};
		00C302BA1ABCB90400DB3ED1 /* libRCTGeolocation.a */ = {
			isa = PBXReferenceProxy;
			fileType = archive.ar;
			path = libRCTGeolocation.a;
			remoteRef = 00C302B91ABCB90400DB3ED1 /* PBXContainerItemProxy */;
			sourceTree = BUILT_PRODUCTS_DIR;
		};
		00C302C01ABCB91800DB3ED1 /* libRCTImage.a */ = {
			isa = PBXReferenceProxy;
			fileType = archive.ar;
			path = libRCTImage.a;
			remoteRef = 00C302BF1ABCB91800DB3ED1 /* PBXContainerItemProxy */;
			sourceTree = BUILT_PRODUCTS_DIR;
		};
		00C302DC1ABCB9D200DB3ED1 /* libRCTNetwork.a */ = {
			isa = PBXReferenceProxy;
			fileType = archive.ar;
			path = libRCTNetwork.a;
			remoteRef = 00C302DB1ABCB9D200DB3ED1 /* PBXContainerItemProxy */;
			sourceTree = BUILT_PRODUCTS_DIR;
		};
		00C302E41ABCB9EE00DB3ED1 /* libRCTVibration.a */ = {
			isa = PBXReferenceProxy;
			fileType = archive.ar;
			path = libRCTVibration.a;
			remoteRef = 00C302E31ABCB9EE00DB3ED1 /* PBXContainerItemProxy */;
			sourceTree = BUILT_PRODUCTS_DIR;
		};
		139105C11AF99BAD00B5F7CC /* libRCTSettings.a */ = {
			isa = PBXReferenceProxy;
			fileType = archive.ar;
			path = libRCTSettings.a;
			remoteRef = 139105C01AF99BAD00B5F7CC /* PBXContainerItemProxy */;
			sourceTree = BUILT_PRODUCTS_DIR;
		};
		139FDEF41B06529B00C62182 /* libRCTWebSocket.a */ = {
			isa = PBXReferenceProxy;
			fileType = archive.ar;
			path = libRCTWebSocket.a;
			remoteRef = 139FDEF31B06529B00C62182 /* PBXContainerItemProxy */;
			sourceTree = BUILT_PRODUCTS_DIR;
		};
		146834041AC3E56700842450 /* libReact.a */ = {
			isa = PBXReferenceProxy;
			fileType = archive.ar;
			path = libReact.a;
			remoteRef = 146834031AC3E56700842450 /* PBXContainerItemProxy */;
			sourceTree = BUILT_PRODUCTS_DIR;
		};
		3DAD3E841DF850E9000B6D8A /* libRCTImage-tvOS.a */ = {
			isa = PBXReferenceProxy;
			fileType = archive.ar;
			path = "libRCTImage-tvOS.a";
			remoteRef = 3DAD3E831DF850E9000B6D8A /* PBXContainerItemProxy */;
			sourceTree = BUILT_PRODUCTS_DIR;
		};
		3DAD3E881DF850E9000B6D8A /* libRCTLinking-tvOS.a */ = {
			isa = PBXReferenceProxy;
			fileType = archive.ar;
			path = "libRCTLinking-tvOS.a";
			remoteRef = 3DAD3E871DF850E9000B6D8A /* PBXContainerItemProxy */;
			sourceTree = BUILT_PRODUCTS_DIR;
		};
		3DAD3E8C1DF850E9000B6D8A /* libRCTNetwork-tvOS.a */ = {
			isa = PBXReferenceProxy;
			fileType = archive.ar;
			path = "libRCTNetwork-tvOS.a";
			remoteRef = 3DAD3E8B1DF850E9000B6D8A /* PBXContainerItemProxy */;
			sourceTree = BUILT_PRODUCTS_DIR;
		};
		3DAD3E901DF850E9000B6D8A /* libRCTSettings-tvOS.a */ = {
			isa = PBXReferenceProxy;
			fileType = archive.ar;
			path = "libRCTSettings-tvOS.a";
			remoteRef = 3DAD3E8F1DF850E9000B6D8A /* PBXContainerItemProxy */;
			sourceTree = BUILT_PRODUCTS_DIR;
		};
		3DAD3E941DF850E9000B6D8A /* libRCTText-tvOS.a */ = {
			isa = PBXReferenceProxy;
			fileType = archive.ar;
			path = "libRCTText-tvOS.a";
			remoteRef = 3DAD3E931DF850E9000B6D8A /* PBXContainerItemProxy */;
			sourceTree = BUILT_PRODUCTS_DIR;
		};
		3DAD3E991DF850E9000B6D8A /* libRCTWebSocket-tvOS.a */ = {
			isa = PBXReferenceProxy;
			fileType = archive.ar;
			path = "libRCTWebSocket-tvOS.a";
			remoteRef = 3DAD3E981DF850E9000B6D8A /* PBXContainerItemProxy */;
			sourceTree = BUILT_PRODUCTS_DIR;
		};
		3DAD3EA31DF850E9000B6D8A /* libReact.a */ = {
			isa = PBXReferenceProxy;
			fileType = archive.ar;
			path = libReact.a;
			remoteRef = 3DAD3EA21DF850E9000B6D8A /* PBXContainerItemProxy */;
			sourceTree = BUILT_PRODUCTS_DIR;
		};
		3DAD3EA51DF850E9000B6D8A /* libyoga.a */ = {
			isa = PBXReferenceProxy;
			fileType = archive.ar;
			path = libyoga.a;
			remoteRef = 3DAD3EA41DF850E9000B6D8A /* PBXContainerItemProxy */;
			sourceTree = BUILT_PRODUCTS_DIR;
		};
		3DAD3EA71DF850E9000B6D8A /* libyoga.a */ = {
			isa = PBXReferenceProxy;
			fileType = archive.ar;
			path = libyoga.a;
			remoteRef = 3DAD3EA61DF850E9000B6D8A /* PBXContainerItemProxy */;
			sourceTree = BUILT_PRODUCTS_DIR;
		};
		3DAD3EA91DF850E9000B6D8A /* libcxxreact.a */ = {
			isa = PBXReferenceProxy;
			fileType = archive.ar;
			path = libcxxreact.a;
			remoteRef = 3DAD3EA81DF850E9000B6D8A /* PBXContainerItemProxy */;
			sourceTree = BUILT_PRODUCTS_DIR;
		};
		3DAD3EAB1DF850E9000B6D8A /* libcxxreact.a */ = {
			isa = PBXReferenceProxy;
			fileType = archive.ar;
			path = libcxxreact.a;
			remoteRef = 3DAD3EAA1DF850E9000B6D8A /* PBXContainerItemProxy */;
			sourceTree = BUILT_PRODUCTS_DIR;
		};
		3DAD3EAD1DF850E9000B6D8A /* libjschelpers.a */ = {
			isa = PBXReferenceProxy;
			fileType = archive.ar;
			path = libjschelpers.a;
			remoteRef = 3DAD3EAC1DF850E9000B6D8A /* PBXContainerItemProxy */;
			sourceTree = BUILT_PRODUCTS_DIR;
		};
		3DAD3EAF1DF850E9000B6D8A /* libjschelpers.a */ = {
			isa = PBXReferenceProxy;
			fileType = archive.ar;
			path = libjschelpers.a;
			remoteRef = 3DAD3EAE1DF850E9000B6D8A /* PBXContainerItemProxy */;
			sourceTree = BUILT_PRODUCTS_DIR;
		};
		4642FD601FF461EE0067F700 /* libRCTBlob-tvOS.a */ = {
			isa = PBXReferenceProxy;
			fileType = archive.ar;
			path = "libRCTBlob-tvOS.a";
			remoteRef = 4642FD5F1FF461EE0067F700 /* PBXContainerItemProxy */;
			sourceTree = BUILT_PRODUCTS_DIR;
		};
		4642FD721FF461EE0067F700 /* libfishhook.a */ = {
			isa = PBXReferenceProxy;
			fileType = archive.ar;
			path = libfishhook.a;
			remoteRef = 4642FD711FF461EE0067F700 /* PBXContainerItemProxy */;
			sourceTree = BUILT_PRODUCTS_DIR;
		};
		4642FD741FF461EE0067F700 /* libfishhook-tvOS.a */ = {
			isa = PBXReferenceProxy;
			fileType = archive.ar;
			path = "libfishhook-tvOS.a";
			remoteRef = 4642FD731FF461EE0067F700 /* PBXContainerItemProxy */;
			sourceTree = BUILT_PRODUCTS_DIR;
		};
		464E6A0F20A32FD6004521E3 /* libCocoaLumberjack.a */ = {
			isa = PBXReferenceProxy;
			fileType = archive.ar;
			path = libCocoaLumberjack.a;
			remoteRef = 464E6A0E20A32FD6004521E3 /* PBXContainerItemProxy */;
			sourceTree = BUILT_PRODUCTS_DIR;
		};
		46978CE92004B102007BAF3B /* libthird-party.a */ = {
			isa = PBXReferenceProxy;
			fileType = archive.ar;
			path = "libthird-party.a";
			remoteRef = 46978CE82004B102007BAF3B /* PBXContainerItemProxy */;
			sourceTree = BUILT_PRODUCTS_DIR;
		};
		46978CEB2004B102007BAF3B /* libthird-party.a */ = {
			isa = PBXReferenceProxy;
			fileType = archive.ar;
			path = "libthird-party.a";
			remoteRef = 46978CEA2004B102007BAF3B /* PBXContainerItemProxy */;
			sourceTree = BUILT_PRODUCTS_DIR;
		};
		46978CED2004B102007BAF3B /* libdouble-conversion.a */ = {
			isa = PBXReferenceProxy;
			fileType = archive.ar;
			path = "libdouble-conversion.a";
			remoteRef = 46978CEC2004B102007BAF3B /* PBXContainerItemProxy */;
			sourceTree = BUILT_PRODUCTS_DIR;
		};
		46978CEF2004B102007BAF3B /* libdouble-conversion.a */ = {
			isa = PBXReferenceProxy;
			fileType = archive.ar;
			path = "libdouble-conversion.a";
			remoteRef = 46978CEE2004B102007BAF3B /* PBXContainerItemProxy */;
			sourceTree = BUILT_PRODUCTS_DIR;
		};
		46978CF12004B102007BAF3B /* libprivatedata.a */ = {
			isa = PBXReferenceProxy;
			fileType = archive.ar;
			path = libprivatedata.a;
			remoteRef = 46978CF02004B102007BAF3B /* PBXContainerItemProxy */;
			sourceTree = BUILT_PRODUCTS_DIR;
		};
		46978CF32004B102007BAF3B /* libprivatedata-tvOS.a */ = {
			isa = PBXReferenceProxy;
			fileType = archive.ar;
			path = "libprivatedata-tvOS.a";
			remoteRef = 46978CF22004B102007BAF3B /* PBXContainerItemProxy */;
			sourceTree = BUILT_PRODUCTS_DIR;
		};
		5E9157331DD0AC6500FF2AA8 /* libRCTAnimation.a */ = {
			isa = PBXReferenceProxy;
			fileType = archive.ar;
			path = libRCTAnimation.a;
			remoteRef = 5E9157321DD0AC6500FF2AA8 /* PBXContainerItemProxy */;
			sourceTree = BUILT_PRODUCTS_DIR;
		};
		5E9157351DD0AC6500FF2AA8 /* libRCTAnimation.a */ = {
			isa = PBXReferenceProxy;
			fileType = archive.ar;
			path = libRCTAnimation.a;
			remoteRef = 5E9157341DD0AC6500FF2AA8 /* PBXContainerItemProxy */;
			sourceTree = BUILT_PRODUCTS_DIR;
		};
		78C398B91ACF4ADC00677621 /* libRCTLinking.a */ = {
			isa = PBXReferenceProxy;
			fileType = archive.ar;
			path = libRCTLinking.a;
			remoteRef = 78C398B81ACF4ADC00677621 /* PBXContainerItemProxy */;
			sourceTree = BUILT_PRODUCTS_DIR;
		};
		832341B51AAA6A8300B99B32 /* libRCTText.a */ = {
			isa = PBXReferenceProxy;
			fileType = archive.ar;
			path = libRCTText.a;
			remoteRef = 832341B41AAA6A8300B99B32 /* PBXContainerItemProxy */;
			sourceTree = BUILT_PRODUCTS_DIR;
		};
		ADBDB9271DFEBF0700ED6528 /* libRCTBlob.a */ = {
			isa = PBXReferenceProxy;
			fileType = archive.ar;
			path = libRCTBlob.a;
			remoteRef = ADBDB9261DFEBF0700ED6528 /* PBXContainerItemProxy */;
			sourceTree = BUILT_PRODUCTS_DIR;
		};
/* End PBXReferenceProxy section */

/* Begin PBXResourcesBuildPhase section */
		13B07F8E1A680F5B00A75B9A /* Resources */ = {
			isa = PBXResourcesBuildPhase;
			buildActionMask = 2147483647;
			files = (
				13B07FBF1A68108700A75B9A /* Images.xcassets in Resources */,
				840FAC36253F268900D1CE06 /* appicon.png in Resources */,
				6A1C89FE4E0F4C97949CCE31 /* Arial Bold Italic.ttf in Resources */,
				D8E708E404614394BDB89DCC /* Arial Bold.ttf in Resources */,
				B342F2BF059D49D0953C034E /* Arial Italic.ttf in Resources */,
				6A913BAF3EF44D3B842512E6 /* Arial.ttf in Resources */,
				477769F89459498EB5B712B7 /* Calibri.ttf in Resources */,
				624F9A39D1DB4231900C8E4C /* Calibri Bold Italic.ttf in Resources */,
				8400284D24F7BD5800DBE46E /* LaunchScreen.storyboard in Resources */,
				65D2AEDF14BA47FFB3B315A8 /* Calibri Bold.ttf in Resources */,
				A4226D7B144C46749BF03DFF /* Calibri Italic.ttf in Resources */,
				FA28F51F1E9947B191394DAE /* Calibri Bold Italic.TTF in Resources */,
				E58E1C6860DE4E5D9183A740 /* Calibri Bold.TTF in Resources */,
				712E1136E775483797BF548E /* Calibri Italic.TTF in Resources */,
			);
			runOnlyForDeploymentPostprocessing = 0;
		};
/* End PBXResourcesBuildPhase section */

/* Begin PBXShellScriptBuildPhase section */
		00DD1BFF1BD5951E006B06BC /* Bundle React Native code and images */ = {
			isa = PBXShellScriptBuildPhase;
			buildActionMask = 2147483647;
			files = (
			);
			inputPaths = (
			);
			name = "Bundle React Native code and images";
			outputPaths = (
			);
			runOnlyForDeploymentPostprocessing = 0;
			shellPath = /bin/sh;
			shellScript = "export SENTRY_PROPERTIES=sentry.properties\nexport NODE_BINARY=node\n../node_modules/@sentry/cli/bin/sentry-cli react-native xcode ../node_modules/react-native/scripts/react-native-xcode.sh\n";
		};
		24D2A7734EE3C3CC777D82CE /* [CP] Check Pods Manifest.lock */ = {
			isa = PBXShellScriptBuildPhase;
			buildActionMask = 2147483647;
			files = (
			);
			inputFileListPaths = (
			);
			inputPaths = (
				"${PODS_PODFILE_DIR_PATH}/Podfile.lock",
				"${PODS_ROOT}/Manifest.lock",
			);
			name = "[CP] Check Pods Manifest.lock";
			outputFileListPaths = (
			);
			outputPaths = (
				"$(DERIVED_FILE_DIR)/Pods-ownyourdata-checkManifestLockResult.txt",
			);
			runOnlyForDeploymentPostprocessing = 0;
			shellPath = /bin/sh;
			shellScript = "diff \"${PODS_PODFILE_DIR_PATH}/Podfile.lock\" \"${PODS_ROOT}/Manifest.lock\" > /dev/null\nif [ $? != 0 ] ; then\n    # print error to STDERR\n    echo \"error: The sandbox is not in sync with the Podfile.lock. Run 'pod install' or update your CocoaPods installation.\" >&2\n    exit 1\nfi\n# This output is used by Xcode 'outputs' to avoid re-running this script phase.\necho \"SUCCESS\" > \"${SCRIPT_OUTPUT_FILE_0}\"\n";
			showEnvVarsInLog = 0;
		};
		4674ACA4201EB78F0050A158 /* ShellScript */ = {
			isa = PBXShellScriptBuildPhase;
			buildActionMask = 2147483647;
			files = (
			);
			inputPaths = (
			);
			outputPaths = (
			);
			runOnlyForDeploymentPostprocessing = 0;
			shellPath = /bin/sh;
			shellScript = "./Fabric.framework/run 9d72c46c57203b924b373e07a1e5c147f801b3ed 33eff915e2ab3cbbef42f04aaf6d3a46c5a39d218d7dae727cf45362046f07c2";
		};
		84B58A274CC950A234F5E84A /* [CP] Copy Pods Resources */ = {
			isa = PBXShellScriptBuildPhase;
			buildActionMask = 2147483647;
			files = (
			);
			inputPaths = (
				"${PODS_ROOT}/Target Support Files/Pods-ownyourdata/Pods-ownyourdata-resources.sh",
				"${PODS_ROOT}/../../node_modules/react-native-vector-icons/Fonts/Entypo.ttf",
				"${PODS_ROOT}/../../node_modules/react-native-vector-icons/Fonts/EvilIcons.ttf",
				"${PODS_ROOT}/../../node_modules/react-native-vector-icons/Fonts/Feather.ttf",
				"${PODS_ROOT}/../../node_modules/react-native-vector-icons/Fonts/FontAwesome.ttf",
				"${PODS_ROOT}/../../node_modules/react-native-vector-icons/Fonts/Foundation.ttf",
				"${PODS_ROOT}/../../node_modules/react-native-vector-icons/Fonts/Ionicons.ttf",
				"${PODS_ROOT}/../../node_modules/react-native-vector-icons/Fonts/MaterialCommunityIcons.ttf",
				"${PODS_ROOT}/../../node_modules/react-native-vector-icons/Fonts/MaterialIcons.ttf",
				"${PODS_ROOT}/../../node_modules/react-native-vector-icons/Fonts/Octicons.ttf",
				"${PODS_ROOT}/../../node_modules/react-native-vector-icons/Fonts/SimpleLineIcons.ttf",
				"${PODS_ROOT}/../../node_modules/react-native-vector-icons/Fonts/Zocial.ttf",
				"${PODS_CONFIGURATION_BUILD_DIR}/React-Core/AccessibilityResources.bundle",
			);
			name = "[CP] Copy Pods Resources";
			outputPaths = (
				"${TARGET_BUILD_DIR}/${UNLOCALIZED_RESOURCES_FOLDER_PATH}/Entypo.ttf",
				"${TARGET_BUILD_DIR}/${UNLOCALIZED_RESOURCES_FOLDER_PATH}/EvilIcons.ttf",
				"${TARGET_BUILD_DIR}/${UNLOCALIZED_RESOURCES_FOLDER_PATH}/Feather.ttf",
				"${TARGET_BUILD_DIR}/${UNLOCALIZED_RESOURCES_FOLDER_PATH}/FontAwesome.ttf",
				"${TARGET_BUILD_DIR}/${UNLOCALIZED_RESOURCES_FOLDER_PATH}/Foundation.ttf",
				"${TARGET_BUILD_DIR}/${UNLOCALIZED_RESOURCES_FOLDER_PATH}/Ionicons.ttf",
				"${TARGET_BUILD_DIR}/${UNLOCALIZED_RESOURCES_FOLDER_PATH}/MaterialCommunityIcons.ttf",
				"${TARGET_BUILD_DIR}/${UNLOCALIZED_RESOURCES_FOLDER_PATH}/MaterialIcons.ttf",
				"${TARGET_BUILD_DIR}/${UNLOCALIZED_RESOURCES_FOLDER_PATH}/Octicons.ttf",
				"${TARGET_BUILD_DIR}/${UNLOCALIZED_RESOURCES_FOLDER_PATH}/SimpleLineIcons.ttf",
				"${TARGET_BUILD_DIR}/${UNLOCALIZED_RESOURCES_FOLDER_PATH}/Zocial.ttf",
				"${TARGET_BUILD_DIR}/${UNLOCALIZED_RESOURCES_FOLDER_PATH}/AccessibilityResources.bundle",
			);
			runOnlyForDeploymentPostprocessing = 0;
			shellPath = /bin/sh;
			shellScript = "\"${PODS_ROOT}/Target Support Files/Pods-ownyourdata/Pods-ownyourdata-resources.sh\"\n";
			showEnvVarsInLog = 0;
		};
		89B18BB1DFA349CB9ABF9DD0 /* Upload Debug Symbols to Sentry */ = {
			isa = PBXShellScriptBuildPhase;
			buildActionMask = 2147483647;
			files = (
			);
			inputPaths = (
			);
			name = "Upload Debug Symbols to Sentry";
			outputPaths = (
			);
			runOnlyForDeploymentPostprocessing = 0;
			shellPath = /bin/sh;
			shellScript = "export SENTRY_PROPERTIES=sentry.properties\n../node_modules/@sentry/cli/bin/sentry-cli upload-dsym";
		};
/* End PBXShellScriptBuildPhase section */

/* Begin PBXSourcesBuildPhase section */
		13B07F871A680F5B00A75B9A /* Sources */ = {
			isa = PBXSourcesBuildPhase;
			buildActionMask = 2147483647;
			files = (
				84A36A042541876000D4FF53 /* RNLibSodium.m in Sources */,
				13B07FBC1A68108700A75B9A /* AppDelegate.m in Sources */,
				468CA4F220A59654005125AF /* WifiCheck.m in Sources */,
				13B07FC11A68108700A75B9A /* main.m in Sources */,
				840D953B24F65FC900AA4110 /* ownyourdata.swift in Sources */,
				468CA4F420A59766005125AF /* Reachability.m in Sources */,
				A4EDC31B3CFB4C77AA90F366 /* RNBackgroundFetch+AppDelegate.m in Sources */,
			);
			runOnlyForDeploymentPostprocessing = 0;
		};
/* End PBXSourcesBuildPhase section */

/* Begin XCBuildConfiguration section */
		13B07F941A680F5B00A75B9A /* Debug */ = {
			isa = XCBuildConfiguration;
			baseConfigurationReference = 38F86859CB7CD8AFC3FBE39E /* Pods-ownyourdata.debug.xcconfig */;
			buildSettings = {
				ASSETCATALOG_COMPILER_APPICON_NAME = AppIcon;
				CLANG_ENABLE_MODULES = YES;
				CODE_SIGN_IDENTITY = "iPhone Developer";
				"CODE_SIGN_IDENTITY[sdk=iphoneos*]" = "iPhone Developer";
				CODE_SIGN_STYLE = Automatic;
				CURRENT_PROJECT_VERSION = 6;
				DEAD_CODE_STRIPPING = NO;
				DEVELOPMENT_TEAM = 3437M53R66;
				FRAMEWORK_SEARCH_PATHS = (
					"$(inherited)",
					"$(PROJECT_DIR)",
				);
				HEADER_SEARCH_PATHS = (
					"$(inherited)",
					"$(SRCROOT)/../node_modules/react-native-location",
					"$(SRCROOT)/../node_modules/react-native-libsodium/ios/sodium",
					"$(SRCROOT)/../node_modules/react-native-sodium/ios/RCTSodium/**",
					"$(SRCROOT)/../node_modules/react-native-sodium/ios/RCTSodium/**",
					"$(SRCROOT)/../node_modules/react-native-libsodium/ios/sodium",
					"$(SRCROOT)/../node_modules/react-native-permissions/ios/**",
					"$(SRCROOT)/../node_modules/react-native-smart-splash-screen/ios/RCTSplashScreen/RCTSplashScreen",
					"$(SRCROOT)/../node_modules/cocoa-lumberjack/CocoaLumberjack/**",
					"$(SRCROOT)/../node_modules/react-native-orientation/iOS/RCTOrientation/",
					"$(SRCROOT)/../node_modules/react-native/React/**",
				);
				INFOPLIST_FILE = ownyourdata/Info.plist;
				IPHONEOS_DEPLOYMENT_TARGET = 10.0;
				LD_RUNPATH_SEARCH_PATHS = "$(inherited) @executable_path/Frameworks";
				LIBRARY_SEARCH_PATHS = (
					"$(inherited)",
					"$(PROJECT_DIR)",
				);
				OTHER_LDFLAGS = (
					"$(inherited)",
					"-ObjC",
					"-lc++",
				);
				PRODUCT_BUNDLE_IDENTIFIER = dev.unterholzer.ownyourdata;
				PRODUCT_NAME = ownyourdata;
				PROVISIONING_PROFILE = "";
				PROVISIONING_PROFILE_SPECIFIER = "";
				SWIFT_OBJC_BRIDGING_HEADER = "ownyourdata-Bridging-Header.h";
				SWIFT_OPTIMIZATION_LEVEL = "-Onone";
				SWIFT_VERSION = 5.0;
				VERSIONING_SYSTEM = "apple-generic";
			};
			name = Debug;
		};
		13B07F951A680F5B00A75B9A /* Release */ = {
			isa = XCBuildConfiguration;
			baseConfigurationReference = A168CE95D3D04BA2013B49F9 /* Pods-ownyourdata.release.xcconfig */;
			buildSettings = {
				ASSETCATALOG_COMPILER_APPICON_NAME = AppIcon;
				CLANG_ENABLE_MODULES = YES;
				CODE_SIGN_IDENTITY = "Apple Development";
				"CODE_SIGN_IDENTITY[sdk=iphoneos*]" = "iPhone Distribution";
				CODE_SIGN_STYLE = Automatic;
				CURRENT_PROJECT_VERSION = 6;
				DEVELOPMENT_TEAM = 3437M53R66;
				FRAMEWORK_SEARCH_PATHS = (
					"$(inherited)",
					"$(PROJECT_DIR)",
				);
				HEADER_SEARCH_PATHS = (
					"$(inherited)",
					"$(SRCROOT)/../node_modules/react-native-location",
					"$(SRCROOT)/../node_modules/react-native-libsodium/ios/sodium",
					"$(SRCROOT)/../node_modules/react-native-sodium/ios/RCTSodium/**",
					"$(SRCROOT)/../node_modules/react-native-sodium/ios/RCTSodium/**",
					"$(SRCROOT)/../node_modules/react-native-libsodium/ios/sodium",
					"$(SRCROOT)/../node_modules/react-native-permissions/ios/**",
					"$(SRCROOT)/../node_modules/react-native-smart-splash-screen/ios/RCTSplashScreen/RCTSplashScreen",
					"$(SRCROOT)/../node_modules/cocoa-lumberjack/CocoaLumberjack/**",
					"$(SRCROOT)/../node_modules/react-native-orientation/iOS/RCTOrientation/",
					"$(SRCROOT)/../node_modules/react-native/React/**",
				);
				INFOPLIST_FILE = ownyourdata/Info.plist;
				IPHONEOS_DEPLOYMENT_TARGET = 10.0;
				LD_RUNPATH_SEARCH_PATHS = "$(inherited) @executable_path/Frameworks";
				LIBRARY_SEARCH_PATHS = (
					"$(inherited)",
					"$(PROJECT_DIR)",
				);
				OTHER_LDFLAGS = (
					"$(inherited)",
					"-ObjC",
					"-lc++",
				);
				PRODUCT_BUNDLE_IDENTIFIER = dev.unterholzer.ownyourdata;
				PRODUCT_NAME = ownyourdata;
				PROVISIONING_PROFILE = "";
				PROVISIONING_PROFILE_SPECIFIER = "";
				SWIFT_OBJC_BRIDGING_HEADER = "ownyourdata-Bridging-Header.h";
				SWIFT_VERSION = 5.0;
				VERSIONING_SYSTEM = "apple-generic";
			};
			name = Release;
		};
		83CBBA201A601CBA00E9B192 /* Debug */ = {
			isa = XCBuildConfiguration;
			buildSettings = {
				ALWAYS_SEARCH_USER_PATHS = NO;
				CLANG_ANALYZER_LOCALIZABILITY_NONLOCALIZED = YES;
				CLANG_CXX_LANGUAGE_STANDARD = "gnu++0x";
				CLANG_CXX_LIBRARY = "libc++";
				CLANG_ENABLE_MODULES = YES;
				CLANG_ENABLE_OBJC_ARC = YES;
				CLANG_WARN_BLOCK_CAPTURE_AUTORELEASING = YES;
				CLANG_WARN_BOOL_CONVERSION = YES;
				CLANG_WARN_COMMA = YES;
				CLANG_WARN_CONSTANT_CONVERSION = YES;
				CLANG_WARN_DEPRECATED_OBJC_IMPLEMENTATIONS = YES;
				CLANG_WARN_DIRECT_OBJC_ISA_USAGE = YES_ERROR;
				CLANG_WARN_EMPTY_BODY = YES;
				CLANG_WARN_ENUM_CONVERSION = YES;
				CLANG_WARN_INFINITE_RECURSION = YES;
				CLANG_WARN_INT_CONVERSION = YES;
				CLANG_WARN_NON_LITERAL_NULL_CONVERSION = YES;
				CLANG_WARN_OBJC_IMPLICIT_RETAIN_SELF = YES;
				CLANG_WARN_OBJC_LITERAL_CONVERSION = YES;
				CLANG_WARN_OBJC_ROOT_CLASS = YES_ERROR;
				CLANG_WARN_RANGE_LOOP_ANALYSIS = YES;
				CLANG_WARN_STRICT_PROTOTYPES = YES;
				CLANG_WARN_SUSPICIOUS_MOVE = YES;
				CLANG_WARN_UNREACHABLE_CODE = YES;
				CLANG_WARN__DUPLICATE_METHOD_MATCH = YES;
				"CODE_SIGN_IDENTITY[sdk=iphoneos*]" = "iPhone Developer";
				COPY_PHASE_STRIP = NO;
				ENABLE_BITCODE = NO;
				ENABLE_STRICT_OBJC_MSGSEND = YES;
				ENABLE_TESTABILITY = YES;
				GCC_C_LANGUAGE_STANDARD = gnu99;
				GCC_DYNAMIC_NO_PIC = NO;
				GCC_NO_COMMON_BLOCKS = YES;
				GCC_OPTIMIZATION_LEVEL = 0;
				GCC_PREPROCESSOR_DEFINITIONS = (
					"DEBUG=1",
					"$(inherited)",
				);
				GCC_SYMBOLS_PRIVATE_EXTERN = NO;
				GCC_WARN_64_TO_32_BIT_CONVERSION = YES;
				GCC_WARN_ABOUT_RETURN_TYPE = YES_ERROR;
				GCC_WARN_UNDECLARED_SELECTOR = YES;
				GCC_WARN_UNINITIALIZED_AUTOS = YES_AGGRESSIVE;
				GCC_WARN_UNUSED_FUNCTION = YES;
				GCC_WARN_UNUSED_VARIABLE = YES;
				IPHONEOS_DEPLOYMENT_TARGET = 8.0;
				MTL_ENABLE_DEBUG_INFO = YES;
				ONLY_ACTIVE_ARCH = YES;
				SDKROOT = iphoneos;
			};
			name = Debug;
		};
		83CBBA211A601CBA00E9B192 /* Release */ = {
			isa = XCBuildConfiguration;
			buildSettings = {
				ALWAYS_SEARCH_USER_PATHS = NO;
				CLANG_ANALYZER_LOCALIZABILITY_NONLOCALIZED = YES;
				CLANG_CXX_LANGUAGE_STANDARD = "gnu++0x";
				CLANG_CXX_LIBRARY = "libc++";
				CLANG_ENABLE_MODULES = YES;
				CLANG_ENABLE_OBJC_ARC = YES;
				CLANG_WARN_BLOCK_CAPTURE_AUTORELEASING = YES;
				CLANG_WARN_BOOL_CONVERSION = YES;
				CLANG_WARN_COMMA = YES;
				CLANG_WARN_CONSTANT_CONVERSION = YES;
				CLANG_WARN_DEPRECATED_OBJC_IMPLEMENTATIONS = YES;
				CLANG_WARN_DIRECT_OBJC_ISA_USAGE = YES_ERROR;
				CLANG_WARN_EMPTY_BODY = YES;
				CLANG_WARN_ENUM_CONVERSION = YES;
				CLANG_WARN_INFINITE_RECURSION = YES;
				CLANG_WARN_INT_CONVERSION = YES;
				CLANG_WARN_NON_LITERAL_NULL_CONVERSION = YES;
				CLANG_WARN_OBJC_IMPLICIT_RETAIN_SELF = YES;
				CLANG_WARN_OBJC_LITERAL_CONVERSION = YES;
				CLANG_WARN_OBJC_ROOT_CLASS = YES_ERROR;
				CLANG_WARN_RANGE_LOOP_ANALYSIS = YES;
				CLANG_WARN_STRICT_PROTOTYPES = YES;
				CLANG_WARN_SUSPICIOUS_MOVE = YES;
				CLANG_WARN_UNREACHABLE_CODE = YES;
				CLANG_WARN__DUPLICATE_METHOD_MATCH = YES;
				"CODE_SIGN_IDENTITY[sdk=iphoneos*]" = "iPhone Developer";
				COPY_PHASE_STRIP = YES;
				ENABLE_BITCODE = NO;
				ENABLE_NS_ASSERTIONS = NO;
				ENABLE_STRICT_OBJC_MSGSEND = YES;
				GCC_C_LANGUAGE_STANDARD = gnu99;
				GCC_NO_COMMON_BLOCKS = YES;
				GCC_WARN_64_TO_32_BIT_CONVERSION = YES;
				GCC_WARN_ABOUT_RETURN_TYPE = YES_ERROR;
				GCC_WARN_UNDECLARED_SELECTOR = YES;
				GCC_WARN_UNINITIALIZED_AUTOS = YES_AGGRESSIVE;
				GCC_WARN_UNUSED_FUNCTION = YES;
				GCC_WARN_UNUSED_VARIABLE = YES;
				IPHONEOS_DEPLOYMENT_TARGET = 8.0;
				MTL_ENABLE_DEBUG_INFO = NO;
				SDKROOT = iphoneos;
				VALIDATE_PRODUCT = YES;
			};
			name = Release;
		};
/* End XCBuildConfiguration section */

/* Begin XCConfigurationList section */
		13B07F931A680F5B00A75B9A /* Build configuration list for PBXNativeTarget "ownyourdata" */ = {
			isa = XCConfigurationList;
			buildConfigurations = (
				13B07F941A680F5B00A75B9A /* Debug */,
				13B07F951A680F5B00A75B9A /* Release */,
			);
			defaultConfigurationIsVisible = 0;
			defaultConfigurationName = Debug;
		};
		83CBB9FA1A601CBA00E9B192 /* Build configuration list for PBXProject "ownyourdata" */ = {
			isa = XCConfigurationList;
			buildConfigurations = (
				83CBBA201A601CBA00E9B192 /* Debug */,
				83CBBA211A601CBA00E9B192 /* Release */,
			);
			defaultConfigurationIsVisible = 0;
			defaultConfigurationName = Debug;
		};
/* End XCConfigurationList section */
	};
	rootObject = 83CBB9F71A601CBA00E9B192 /* Project object */;
}
